
Microsoft Visual Studio Solution File, Format Version 12.00
# Visual Studio 2012
Project("{8BC9CEB8-8B4A-11D0-8D11-00A0C91BC942}") = "C5_no8", "C5_no8\C5_no8.vcxproj", "{D4489A9E-D97A-47B9-9180-936940E6770A}"
EndProject
Global
	GlobalSection(SolutionConfigurationPlatforms) = preSolution
		Debug|Win32 = Debug|Win32
		Release|Win32 = Release|Win32
	EndGlobalSection
	GlobalSection(ProjectConfigurationPlatforms) = postSolution
		{D4489A9E-D97A-47B9-9180-936940E6770A}.Debug|Win32.ActiveCfg = Debug|Win32
		{D4489A9E-D97A-47B9-9180-936940E6770A}.Debug|Win32.Build.0 = Debug|Win32
		{D4489A9E-D97A-47B9-9180-936940E6770A}.Release|Win32.ActiveCfg = Release|Win32
		{D4489A9E-D97A-47B9-9180-936940E6770A}.Release|Win32.Build.0 = Release|Win32
	EndGlobalSection
	GlobalSection(SolutionProperties) = preSolution
		HideSolutionNode = FALSE
	EndGlobalSection
EndGlobal
